
Microsoft Visual Studio Solution File, Format Version 12.00
# Visual Studio Version 16
VisualStudioVersion = 16.0.30503.244
MinimumVisualStudioVersion = 10.0.40219.1
Project("{FAE04EC0-301F-11D3-BF4B-00C04F79EFBC}") = "Notas", "Notas\Notas.csproj", "{F5B37CE8-E015-4811-9E6E-9E6FBA38CB5C}"
EndProject
Project("{54435603-DBB4-11D2-8724-00A0C9A8B90C}") = "Notas-Installer", "Notas-Installer\Notas-Installer.vdproj", "{6DE4C173-CF7B-4805-8B11-41022B91DE5B}"
EndProject
Global
	GlobalSection(SolutionConfigurationPlatforms) = preSolution
		Debug|Any CPU = Debug|Any CPU
		Release|Any CPU = Release|Any CPU
	EndGlobalSection
	GlobalSection(ProjectConfigurationPlatforms) = postSolution
		{F5B37CE8-E015-4811-9E6E-9E6FBA38CB5C}.Debug|Any CPU.ActiveCfg = Debug|Any CPU
		{F5B37CE8-E015-4811-9E6E-9E6FBA38CB5C}.Debug|Any CPU.Build.0 = Debug|Any CPU
		{F5B37CE8-E015-4811-9E6E-9E6FBA38CB5C}.Release|Any CPU.ActiveCfg = Release|Any CPU
		{F5B37CE8-E015-4811-9E6E-9E6FBA38CB5C}.Release|Any CPU.Build.0 = Release|Any CPU
		{6DE4C173-CF7B-4805-8B11-41022B91DE5B}.Debug|Any CPU.ActiveCfg = Debug
		{6DE4C173-CF7B-4805-8B11-41022B91DE5B}.Release|Any CPU.ActiveCfg = Release
	EndGlobalSection
	GlobalSection(SolutionProperties) = preSolution
		HideSolutionNode = FALSE
	EndGlobalSection
	GlobalSection(ExtensibilityGlobals) = postSolution
		SolutionGuid = {5EAFF5D3-AA26-43C0-9C5A-CC85EF83B40B}
	EndGlobalSection
EndGlobal
